
Microsoft Visual Studio Solution File, Format Version 12.00
# Visual Studio Version 17
VisualStudioVersion = 17.9.34701.34
MinimumVisualStudioVersion = 10.0.40219.1
Project("{9A19103F-16F7-4668-BE54-9A1E7A4F7556}") = "Projet C#", "Projet C#\Projet C#.csproj", "{DB3E6537-7116-4975-900E-B4931BCFE43D}"
EndProject
Project("{FAE04EC0-301F-11D3-BF4B-00C04F79EFBC}") = "Test", "Test\Test.csproj", "{97BA5F10-464D-4E6D-908E-3CE7C8428849}"
EndProject
Global
	GlobalSection(SolutionConfigurationPlatforms) = preSolution
		Debug|Any CPU = Debug|Any CPU
		Release|Any CPU = Release|Any CPU
	EndGlobalSection
	GlobalSection(ProjectConfigurationPlatforms) = postSolution
		{DB3E6537-7116-4975-900E-B4931BCFE43D}.Debug|Any CPU.ActiveCfg = Debug|Any CPU
		{DB3E6537-7116-4975-900E-B4931BCFE43D}.Debug|Any CPU.Build.0 = Debug|Any CPU
		{DB3E6537-7116-4975-900E-B4931BCFE43D}.Release|Any CPU.ActiveCfg = Release|Any CPU
		{DB3E6537-7116-4975-900E-B4931BCFE43D}.Release|Any CPU.Build.0 = Release|Any CPU
		{97BA5F10-464D-4E6D-908E-3CE7C8428849}.Debug|Any CPU.ActiveCfg = Debug|Any CPU
		{97BA5F10-464D-4E6D-908E-3CE7C8428849}.Debug|Any CPU.Build.0 = Debug|Any CPU
		{97BA5F10-464D-4E6D-908E-3CE7C8428849}.Release|Any CPU.ActiveCfg = Release|Any CPU
		{97BA5F10-464D-4E6D-908E-3CE7C8428849}.Release|Any CPU.Build.0 = Release|Any CPU
	EndGlobalSection
	GlobalSection(SolutionProperties) = preSolution
		HideSolutionNode = FALSE
	EndGlobalSection
	GlobalSection(ExtensibilityGlobals) = postSolution
		SolutionGuid = {151B75D5-2318-4969-B127-84491F5CCC3A}
	EndGlobalSection
EndGlobal
